# THIS IS AN AUTOGENERATED FILE. DO NOT EDIT THIS FILE DIRECTLY.
# yarn lockfile v1


"@emnapi/runtime@^0.44.0":
  version "0.44.0"
  resolved "https://registry.yarnpkg.com/@emnapi/runtime/-/runtime-0.44.0.tgz#1ef702f846cfcd559d28eb7673919087ba5b63e3"
  integrity sha512-ZX/etZEZw8DR7zAB1eVQT40lNo0jeqpb6dCgOvctB6FIQ5PoXfMuNY8+ayQfu8tNQbAB8gQWSSJupR8NxeiZXw==
  dependencies:
    tslib "^2.4.0"

"@img/sharp-darwin-arm64@0.33.0":
  version "0.33.0"
  resolved "https://registry.yarnpkg.com/@img/sharp-darwin-arm64/-/sharp-darwin-arm64-0.33.0.tgz#b3e4ed1887f53faca5e95e3fd9f25181432353ed"
  integrity sha512-070tEheekI1LJWTGPC9WlQEa5UoKTXzzlORBHMX4TbfUxMiL336YHR8vBEUNsjse0RJCX8dZ4ZXwT595aEF1ug==
  optionalDependencies:
    "@img/sharp-libvips-darwin-arm64" "1.0.0"

"@img/sharp-darwin-x64@0.33.0":
  version "0.33.0"
  resolved "https://registry.yarnpkg.com/@img/sharp-darwin-x64/-/sharp-darwin-x64-0.33.0.tgz#277714bff6e6d468162146019933a416467f3082"
  integrity sha512-pu/nvn152F3qbPeUkr+4e9zVvEhD3jhwzF473veQfMPkOYo9aoWXSfdZH/E6F+nYC3qvFjbxbvdDbUtEbghLqw==
  optionalDependencies:
    "@img/sharp-libvips-darwin-x64" "1.0.0"

"@img/sharp-libvips-darwin-arm64@1.0.0":
  version "1.0.0"
  resolved "https://registry.yarnpkg.com/@img/sharp-libvips-darwin-arm64/-/sharp-libvips-darwin-arm64-1.0.0.tgz#8baf27b01dabba524e885c30287e1916ab978de7"
  integrity sha512-VzYd6OwnUR81sInf3alj1wiokY50DjsHz5bvfnsFpxs5tqQxESoHtJO6xyksDs3RIkyhMWq2FufXo6GNSU9BMw==

"@img/sharp-libvips-darwin-x64@1.0.0":
  version "1.0.0"
  resolved "https://registry.yarnpkg.com/@img/sharp-libvips-darwin-x64/-/sharp-libvips-darwin-x64-1.0.0.tgz#509113f649d3ea0e99b76d41437fc0049d8ba2f9"
  integrity sha512-dD9OznTlHD6aovRswaPNEy8dKtSAmNo4++tO7uuR4o5VxbVAOoEQ1uSmN4iFAdQneTHws1lkTZeiXPrcCkh6IA==

"@img/sharp-libvips-linux-arm64@1.0.0":
  version "1.0.0"
  resolved "https://registry.yarnpkg.com/@img/sharp-libvips-linux-arm64/-/sharp-libvips-linux-arm64-1.0.0.tgz#9e131cc95f9f8aa36da9addee89efead21ad9993"
  integrity sha512-xTYThiqEZEZc0PRU90yVtM3KE7lw1bKdnDQ9kCTHWbqWyHOe4NpPOtMGy27YnN51q0J5dqRrvicfPbALIOeAZA==

"@img/sharp-libvips-linux-arm@1.0.0":
  version "1.0.0"
  resolved "https://registry.yarnpkg.com/@img/sharp-libvips-linux-arm/-/sharp-libvips-linux-arm-1.0.0.tgz#a529f68a28ab1d219907071c41ace029121d1c4f"
  integrity sha512-VwgD2eEikDJUk09Mn9Dzi1OW2OJFRQK+XlBTkUNmAWPrtj8Ly0yq05DFgu1VCMx2/DqCGQVi5A1dM9hTmxf3uw==

"@img/sharp-libvips-linux-s390x@1.0.0":
  version "1.0.0"
  resolved "https://registry.yarnpkg.com/@img/sharp-libvips-linux-s390x/-/sharp-libvips-linux-s390x-1.0.0.tgz#c26aaa9ee58b47ff901bb5f93f29c4ab3f03caf7"
  integrity sha512-o9E46WWBC6JsBlwU4QyU9578G77HBDT1NInd+aERfxeOPbk0qBZHgoDsQmA2v9TbqJRWzoBPx1aLOhprBMgPjw==

"@img/sharp-libvips-linux-x64@1.0.0":
  version "1.0.0"
  resolved "https://registry.yarnpkg.com/@img/sharp-libvips-linux-x64/-/sharp-libvips-linux-x64-1.0.0.tgz#7a04795fbf2668b9dd7c74bf8326cb779131d809"
  integrity sha512-naldaJy4hSVhWBgEjfdBY85CAa4UO+W1nx6a1sWStHZ7EUfNiuBTTN2KUYT5dH1+p/xij1t2QSXfCiFJoC5S/Q==

"@img/sharp-libvips-linuxmusl-arm64@1.0.0":
  version "1.0.0"
  resolved "https://registry.yarnpkg.com/@img/sharp-libvips-linuxmusl-arm64/-/sharp-libvips-linuxmusl-arm64-1.0.0.tgz#600e7322faa5ce124d3ae2cbf63808ea47678591"
  integrity sha512-OdorplCyvmSAPsoJLldtLh3nLxRrkAAAOHsGWGDYfN0kh730gifK+UZb3dWORRa6EusNqCTjfXV4GxvgJ/nPDQ==

"@img/sharp-libvips-linuxmusl-x64@1.0.0":
  version "1.0.0"
  resolved "https://registry.yarnpkg.com/@img/sharp-libvips-linuxmusl-x64/-/sharp-libvips-linuxmusl-x64-1.0.0.tgz#af33a04e75f192c5396c6a41df8b7b7bf15a8006"
  integrity sha512-FW8iK6rJrg+X2jKD0Ajhjv6y74lToIBEvkZhl42nZt563FfxkCYacrXZtd+q/sRQDypQLzY5WdLkVTbJoPyqNg==

"@img/sharp-linux-arm64@0.33.0":
  version "0.33.0"
  resolved "https://registry.yarnpkg.com/@img/sharp-linux-arm64/-/sharp-linux-arm64-0.33.0.tgz#d9a361c1d5344754f6038cc9d74e1dd4d217f52f"
  integrity sha512-dcomVSrtgF70SyOr8RCOCQ8XGVThXwe71A1d8MGA+mXEVRJ/J6/TrCbBEJh9ddcEIIsrnrkolaEvYSHqVhswQw==
  optionalDependencies:
    "@img/sharp-libvips-linux-arm64" "1.0.0"

"@img/sharp-linux-arm@0.33.0":
  version "0.33.0"
  resolved "https://registry.yarnpkg.com/@img/sharp-linux-arm/-/sharp-linux-arm-0.33.0.tgz#e0f804033d99ce2af73c78d47eeb118e28b4af41"
  integrity sha512-4horD3wMFd5a0ddbDY8/dXU9CaOgHjEHALAddXgafoR5oWq5s8X61PDgsSeh4Qupsdo6ycfPPSSNBrfVQnwwrg==
  optionalDependencies:
    "@img/sharp-libvips-linux-arm" "1.0.0"

"@img/sharp-linux-s390x@0.33.0":
  version "0.33.0"
  resolved "https://registry.yarnpkg.com/@img/sharp-linux-s390x/-/sharp-linux-s390x-0.33.0.tgz#4b6d49f87364c60ae015825746f365385f1c3b54"
  integrity sha512-TiVJbx38J2rNVfA309ffSOB+3/7wOsZYQEOlKqOUdWD/nqkjNGrX+YQGz7nzcf5oy2lC+d37+w183iNXRZNngQ==
  optionalDependencies:
    "@img/sharp-libvips-linux-s390x" "1.0.0"

"@img/sharp-linux-x64@0.33.0":
  version "0.33.0"
  resolved "https://registry.yarnpkg.com/@img/sharp-linux-x64/-/sharp-linux-x64-0.33.0.tgz#a4fb262f143f468aec974aad6e53d1859a75ec90"
  integrity sha512-PaZM4Zi7/Ek71WgTdvR+KzTZpBqrQOFcPe7/8ZoPRlTYYRe43k6TWsf4GVH6XKRLMYeSp8J89RfAhBrSP4itNA==
  optionalDependencies:
    "@img/sharp-libvips-linux-x64" "1.0.0"

"@img/sharp-linuxmusl-arm64@0.33.0":
  version "0.33.0"
  resolved "https://registry.yarnpkg.com/@img/sharp-linuxmusl-arm64/-/sharp-linuxmusl-arm64-0.33.0.tgz#423a9e5e3ec1e6476dbdfd78dda91c6f062bfd67"
  integrity sha512-1QLbbN0zt+32eVrg7bb1lwtvEaZwlhEsY1OrijroMkwAqlHqFj6R33Y47s2XUv7P6Ie1PwCxK/uFnNqMnkd5kg==
  optionalDependencies:
    "@img/sharp-libvips-linuxmusl-arm64" "1.0.0"

"@img/sharp-linuxmusl-x64@0.33.0":
  version "0.33.0"
  resolved "https://registry.yarnpkg.com/@img/sharp-linuxmusl-x64/-/sharp-linuxmusl-x64-0.33.0.tgz#9d0beac9a71cd7d3bc41eef63521e60edc3820f5"
  integrity sha512-CecqgB/CnkvCWFhmfN9ZhPGMLXaEBXl4o7WtA6U3Ztrlh/s7FUKX4vNxpMSYLIrWuuzjiaYdfU3+Tdqh1xaHfw==
  optionalDependencies:
    "@img/sharp-libvips-linuxmusl-x64" "1.0.0"

"@img/sharp-wasm32@0.33.0":
  version "0.33.0"
  resolved "https://registry.yarnpkg.com/@img/sharp-wasm32/-/sharp-wasm32-0.33.0.tgz#5b085509f04256c43f201552fce5144fe0bd66b9"
  integrity sha512-Hn4js32gUX9qkISlemZBUPuMs0k/xNJebUNl/L6djnU07B/HAA2KaxRVb3HvbU5fL242hLOcp0+tR+M8dvJUFw==
  dependencies:
    "@emnapi/runtime" "^0.44.0"

"@img/sharp-win32-ia32@0.33.0":
  version "0.33.0"
  resolved "https://registry.yarnpkg.com/@img/sharp-win32-ia32/-/sharp-win32-ia32-0.33.0.tgz#a89bc502a70e5547cbff9451d06f9962425e7b39"
  integrity sha512-5HfcsCZi3l5nPRF2q3bllMVMDXBqEWI3Q8KQONfzl0TferFE5lnsIG0A1YrntMAGqvkzdW6y1Ci1A2uTvxhfzg==

"@img/sharp-win32-x64@0.33.0":
  version "0.33.0"
  resolved "https://registry.yarnpkg.com/@img/sharp-win32-x64/-/sharp-win32-x64-0.33.0.tgz#bfae1b82608a0d420e4b0b836ddb7dd58eaffa8e"
  integrity sha512-i3DtP/2ce1yKFj4OzOnOYltOEL/+dp4dc4dJXJBv6god1AFTcmkaA99H/7SwOmkCOBQkbVvA3lCGm3/5nDtf9Q==

color-convert@^2.0.1:
  version "2.0.1"
  resolved "https://registry.yarnpkg.com/color-convert/-/color-convert-2.0.1.tgz#72d3a68d598c9bdb3af2ad1e84f21d896abd4de3"
  integrity sha512-RRECPsj7iu/xb5oKYcsFHSppFNnsj/52OVTRKb4zP5onXwVF3zVmmToNcOfGC+CRDpfK/U584fMg38ZHCaElKQ==
  dependencies:
    color-name "~1.1.4"

color-name@^1.0.0, color-name@~1.1.4:
  version "1.1.4"
  resolved "https://registry.yarnpkg.com/color-name/-/color-name-1.1.4.tgz#c2a09a87acbde69543de6f63fa3995c826c536a2"
  integrity sha512-dOy+3AuW3a2wNbZHIuMZpTcgjGuLU/uBL/ubcZF9OXbDo8ff4O8yVp5Bf0efS8uEoYo5q4Fx7dY9OgQGXgAsQA==

color-string@^1.9.0:
  version "1.9.1"
  resolved "https://registry.yarnpkg.com/color-string/-/color-string-1.9.1.tgz#4467f9146f036f855b764dfb5bf8582bf342c7a4"
  integrity sha512-shrVawQFojnZv6xM40anx4CkoDP+fZsw/ZerEMsW/pyzsRbElpsL/DBVW7q3ExxwusdNXI3lXpuhEZkzs8p5Eg==
  dependencies:
    color-name "^1.0.0"
    simple-swizzle "^0.2.2"

color@^4.2.3:
  version "4.2.3"
  resolved "https://registry.yarnpkg.com/color/-/color-4.2.3.tgz#d781ecb5e57224ee43ea9627560107c0e0c6463a"
  integrity sha512-1rXeuUUiGGrykh+CeBdu5Ie7OJwinCgQY0bc7GCRxy5xVHy+moaqkpL/jqQq0MtQOeYcrqEz4abc5f0KtU7W4A==
  dependencies:
    color-convert "^2.0.1"
    color-string "^1.9.0"

data-uri-to-buffer@^4.0.0:
  version "4.0.1"
  resolved "https://registry.yarnpkg.com/data-uri-to-buffer/-/data-uri-to-buffer-4.0.1.tgz#d8feb2b2881e6a4f58c2e08acfd0e2834e26222e"
  integrity sha512-0R9ikRb668HB7QDxT1vkpuUBtqc53YyAwMwGeUFKRojY/NWKvdZ+9UYtRfGmhqNbRkTSVpMbmyhXipFFv2cb/A==

detect-libc@^2.0.2:
  version "2.0.2"
  resolved "https://registry.yarnpkg.com/detect-libc/-/detect-libc-2.0.2.tgz#8ccf2ba9315350e1241b88d0ac3b0e1fbd99605d"
  integrity sha512-UX6sGumvvqSaXgdKGUsgZWqcUyIXZ/vZTrlRT/iobiKhGL0zL4d3osHj3uqllWJK+i+sixDS/3COVEOFbupFyw==

fetch-blob@^3.1.2, fetch-blob@^3.1.4:
  version "3.2.0"
  resolved "https://registry.yarnpkg.com/fetch-blob/-/fetch-blob-3.2.0.tgz#f09b8d4bbd45adc6f0c20b7e787e793e309dcce9"
  integrity sha512-7yAQpD2UMJzLi1Dqv7qFYnPbaPx7ZfFK6PiIxQ4PfkGPyNyl2Ugx+a/umUonmKqjhM4DnfbMvdX6otXq83soQQ==
  dependencies:
    node-domexception "^1.0.0"
    web-streams-polyfill "^3.0.3"

formdata-polyfill@^4.0.10:
  version "4.0.10"
  resolved "https://registry.yarnpkg.com/formdata-polyfill/-/formdata-polyfill-4.0.10.tgz#24807c31c9d402e002ab3d8c720144ceb8848423"
  integrity sha512-buewHzMvYL29jdeQTVILecSaZKnt/RJWjoZCF5OW60Z67/GmSLBkOFM7qh1PI3zFNtJbaZL5eQu1vLfazOwj4g==
  dependencies:
    fetch-blob "^3.1.2"

is-arrayish@^0.3.1:
  version "0.3.2"
  resolved "https://registry.yarnpkg.com/is-arrayish/-/is-arrayish-0.3.2.tgz#4574a2ae56f7ab206896fb431eaeed066fdf8f03"
  integrity sha512-eVRqCvVlZbuw3GrM63ovNSNAeA1K16kaR/LRY/92w0zxQ5/1YzwblUX652i4Xs9RwAGjW9d9y6X88t8OaAJfWQ==

lru-cache@^6.0.0:
  version "6.0.0"
  resolved "https://registry.yarnpkg.com/lru-cache/-/lru-cache-6.0.0.tgz#6d6fe6570ebd96aaf90fcad1dafa3b2566db3a94"
  integrity sha512-Jo6dJ04CmSjuznwJSS3pUeWmd/H0ffTlkXXgwZi+eq1UCmqQwCh+eLsYOYCwY991i2Fah4h1BEMCx4qThGbsiA==
  dependencies:
    yallist "^4.0.0"

node-domexception@^1.0.0:
  version "1.0.0"
  resolved "https://registry.yarnpkg.com/node-domexception/-/node-domexception-1.0.0.tgz#6888db46a1f71c0b76b3f7555016b63fe64766e5"
  integrity sha512-/jKZoMpw0F8GRwl4/eLROPA3cfcXtLApP0QzLmUT/HuPCZWyB7IY9ZrMeKw2O/nFIqPQB3PVM9aYm0F312AXDQ==

node-fetch@^3.3.2:
  version "3.3.2"
  resolved "https://registry.yarnpkg.com/node-fetch/-/node-fetch-3.3.2.tgz#d1e889bacdf733b4ff3b2b243eb7a12866a0b78b"
  integrity sha512-dRB78srN/l6gqWulah9SrxeYnxeddIG30+GOqK/9OlLVyLg3HPnr6SqOWTWOXKRwC2eGYCkZ59NNuSgvSrpgOA==
  dependencies:
    data-uri-to-buffer "^4.0.0"
    fetch-blob "^3.1.4"
    formdata-polyfill "^4.0.10"

semver@^7.5.4:
  version "7.5.4"
  resolved "https://registry.yarnpkg.com/semver/-/semver-7.5.4.tgz#483986ec4ed38e1c6c48c34894a9182dbff68a6e"
  integrity sha512-1bCSESV6Pv+i21Hvpxp3Dx+pSD8lIPt8uVjRrxAUt/nbswYc+tK6Y2btiULjd4+fnq15PX+nqQDC7Oft7WkwcA==
  dependencies:
    lru-cache "^6.0.0"

sharp@^0.33.0:
  version "0.33.0"
  resolved "https://registry.yarnpkg.com/sharp/-/sharp-0.33.0.tgz#95f77cda3684522e210ab55a167dad6cb5fbfe4f"
  integrity sha512-99DZKudjm/Rmz+M0/26t4DKpXyywAOJaayGS9boEn7FvgtG0RYBi46uPE2c+obcJRtA3AZa0QwJot63gJQ1F0Q==
  dependencies:
    color "^4.2.3"
    detect-libc "^2.0.2"
    semver "^7.5.4"
  optionalDependencies:
    "@img/sharp-darwin-arm64" "0.33.0"
    "@img/sharp-darwin-x64" "0.33.0"
    "@img/sharp-libvips-darwin-arm64" "1.0.0"
    "@img/sharp-libvips-darwin-x64" "1.0.0"
    "@img/sharp-libvips-linux-arm" "1.0.0"
    "@img/sharp-libvips-linux-arm64" "1.0.0"
    "@img/sharp-libvips-linux-s390x" "1.0.0"
    "@img/sharp-libvips-linux-x64" "1.0.0"
    "@img/sharp-libvips-linuxmusl-arm64" "1.0.0"
    "@img/sharp-libvips-linuxmusl-x64" "1.0.0"
    "@img/sharp-linux-arm" "0.33.0"
    "@img/sharp-linux-arm64" "0.33.0"
    "@img/sharp-linux-s390x" "0.33.0"
    "@img/sharp-linux-x64" "0.33.0"
    "@img/sharp-linuxmusl-arm64" "0.33.0"
    "@img/sharp-linuxmusl-x64" "0.33.0"
    "@img/sharp-wasm32" "0.33.0"
    "@img/sharp-win32-ia32" "0.33.0"
    "@img/sharp-win32-x64" "0.33.0"

simple-swizzle@^0.2.2:
  version "0.2.2"
  resolved "https://registry.yarnpkg.com/simple-swizzle/-/simple-swizzle-0.2.2.tgz#a4da6b635ffcccca33f70d17cb92592de95e557a"
  integrity sha1-pNprY1/8zMoz9w0Xy5JZLeleVXo=
  dependencies:
    is-arrayish "^0.3.1"

tslib@^2.4.0:
  version "2.6.2"
  resolved "https://registry.yarnpkg.com/tslib/-/tslib-2.6.2.tgz#703ac29425e7b37cd6fd456e92404d46d1f3e4ae"
  integrity sha512-AEYxH93jGFPn/a2iVAwW87VuUIkR1FVUKB77NwMF7nBTDkDrrT/Hpt/IrCJ0QXhW27jTBDcf5ZY7w6RiqTMw2Q==

web-streams-polyfill@^3.0.3:
  version "3.2.1"
  resolved "https://registry.yarnpkg.com/web-streams-polyfill/-/web-streams-polyfill-3.2.1.tgz#71c2718c52b45fd49dbeee88634b3a60ceab42a6"
  integrity sha512-e0MO3wdXWKrLbL0DgGnUV7WHVuw9OUvL4hjgnPkIeEvESk74gAITi5G606JtZPp39cd8HA9VQzCIvA49LpPN5Q==

yallist@^4.0.0:
  version "4.0.0"
  resolved "https://registry.yarnpkg.com/yallist/-/yallist-4.0.0.tgz#9bb92790d9c0effec63be73519e11a35019a3a72"
  integrity sha512-3wdGidZyq5PB084XLES5TpOSRA3wjXAlIWMhum2kRcv/41Sn2emQ0dycQW4uZXLejwKvg6EsvbdlVL+FYEct7A==
